// !$*UTF8*$!
{
	archiveVersion = 1;
	classes = {
	};
	objectVersion = 55;
	objects = {

/* Begin PBXBuildFile section */
		DC01D97228B9A7BD00F9C256 /* CurrencyModel.swift in Sources */ = {isa = PBXBuildFile; fileRef = DC01D97128B9A7BD00F9C256 /* CurrencyModel.swift */; };
		DC01D97528B9AB2B00F9C256 /* CurrencyTableViewCell.swift in Sources */ = {isa = PBXBuildFile; fileRef = DC01D97328B9AB2B00F9C256 /* CurrencyTableViewCell.swift */; };
		DC01D97628B9AB2B00F9C256 /* CurrencyTableViewCell.xib in Resources */ = {isa = PBXBuildFile; fileRef = DC01D97428B9AB2B00F9C256 /* CurrencyTableViewCell.xib */; };
		DC01D97928B9AC0E00F9C256 /* UITableView+Extension.swift in Sources */ = {isa = PBXBuildFile; fileRef = DC01D97828B9AC0E00F9C256 /* UITableView+Extension.swift */; };
		DC01D97B28B9AEF300F9C256 /* UIView+Extension.swift in Sources */ = {isa = PBXBuildFile; fileRef = DC01D97A28B9AEF300F9C256 /* UIView+Extension.swift */; };
		DC01D98428B9B92F00F9C256 /* ChartScenePresenter.swift in Sources */ = {isa = PBXBuildFile; fileRef = DC01D97F28B9B92F00F9C256 /* ChartScenePresenter.swift */; };
		DC01D98528B9B92F00F9C256 /* ChartSceneModels.swift in Sources */ = {isa = PBXBuildFile; fileRef = DC01D98028B9B92F00F9C256 /* ChartSceneModels.swift */; };
		DC01D98628B9B92F00F9C256 /* ChartSceneInteractor.swift in Sources */ = {isa = PBXBuildFile; fileRef = DC01D98128B9B92F00F9C256 /* ChartSceneInteractor.swift */; };
		DC01D98728B9B92F00F9C256 /* ChartSceneRouter.swift in Sources */ = {isa = PBXBuildFile; fileRef = DC01D98228B9B92F00F9C256 /* ChartSceneRouter.swift */; };
		DC01D98828B9B92F00F9C256 /* ChartSceneConfigurator.swift in Sources */ = {isa = PBXBuildFile; fileRef = DC01D98328B9B92F00F9C256 /* ChartSceneConfigurator.swift */; };
		DC01D98C28B9B93C00F9C256 /* ChartViewController.swift in Sources */ = {isa = PBXBuildFile; fileRef = DC01D98A28B9B93C00F9C256 /* ChartViewController.swift */; };
		DC01D98D28B9B93C00F9C256 /* ChartViewController.xib in Resources */ = {isa = PBXBuildFile; fileRef = DC01D98B28B9B93C00F9C256 /* ChartViewController.xib */; };
		DC01D98F28B9B94300F9C256 /* ChartSceneWorkers.swift in Sources */ = {isa = PBXBuildFile; fileRef = DC01D98E28B9B94300F9C256 /* ChartSceneWorkers.swift */; };
		DCB806AC28B99D85002488F3 /* AppDelegate.swift in Sources */ = {isa = PBXBuildFile; fileRef = DCB806AB28B99D85002488F3 /* AppDelegate.swift */; };
		DCB806AE28B99D85002488F3 /* SceneDelegate.swift in Sources */ = {isa = PBXBuildFile; fileRef = DCB806AD28B99D85002488F3 /* SceneDelegate.swift */; };
		DCB806B528B99D89002488F3 /* Assets.xcassets in Resources */ = {isa = PBXBuildFile; fileRef = DCB806B428B99D89002488F3 /* Assets.xcassets */; };
		DCB806B828B99D89002488F3 /* LaunchScreen.storyboard in Resources */ = {isa = PBXBuildFile; fileRef = DCB806B628B99D89002488F3 /* LaunchScreen.storyboard */; };
		DCB806C828B99FA0002488F3 /* CurrencySceneInteractor.swift in Sources */ = {isa = PBXBuildFile; fileRef = DCB806C328B99FA0002488F3 /* CurrencySceneInteractor.swift */; };
		DCB806C928B99FA0002488F3 /* CurrencyScenePresenter.swift in Sources */ = {isa = PBXBuildFile; fileRef = DCB806C428B99FA0002488F3 /* CurrencyScenePresenter.swift */; };
		DCB806CA28B99FA0002488F3 /* CurrencySceneRouter.swift in Sources */ = {isa = PBXBuildFile; fileRef = DCB806C528B99FA0002488F3 /* CurrencySceneRouter.swift */; };
		DCB806CB28B99FA0002488F3 /* CurrencySceneModels.swift in Sources */ = {isa = PBXBuildFile; fileRef = DCB806C628B99FA0002488F3 /* CurrencySceneModels.swift */; };
		DCB806CC28B99FA0002488F3 /* CurrencySceneConfigurator.swift in Sources */ = {isa = PBXBuildFile; fileRef = DCB806C728B99FA0002488F3 /* CurrencySceneConfigurator.swift */; };
		DCB806D028B99FAA002488F3 /* CurrencyViewController.swift in Sources */ = {isa = PBXBuildFile; fileRef = DCB806CE28B99FAA002488F3 /* CurrencyViewController.swift */; };
		DCB806D128B99FAA002488F3 /* CurrencyViewController.xib in Resources */ = {isa = PBXBuildFile; fileRef = DCB806CF28B99FAA002488F3 /* CurrencyViewController.xib */; };
		DCB806D328B99FB1002488F3 /* CurrencySceneWorkers.swift in Sources */ = {isa = PBXBuildFile; fileRef = DCB806D228B99FB1002488F3 /* CurrencySceneWorkers.swift */; };
/* End PBXBuildFile section */

/* Begin PBXFileReference section */
		DC01D97128B9A7BD00F9C256 /* CurrencyModel.swift */ = {isa = PBXFileReference; lastKnownFileType = sourcecode.swift; path = CurrencyModel.swift; sourceTree = "<group>"; };
		DC01D97328B9AB2B00F9C256 /* CurrencyTableViewCell.swift */ = {isa = PBXFileReference; lastKnownFileType = sourcecode.swift; path = CurrencyTableViewCell.swift; sourceTree = "<group>"; };
		DC01D97428B9AB2B00F9C256 /* CurrencyTableViewCell.xib */ = {isa = PBXFileReference; lastKnownFileType = file.xib; path = CurrencyTableViewCell.xib; sourceTree = "<group>"; };
		DC01D97828B9AC0E00F9C256 /* UITableView+Extension.swift */ = {isa = PBXFileReference; lastKnownFileType = sourcecode.swift; path = "UITableView+Extension.swift"; sourceTree = "<group>"; };
		DC01D97A28B9AEF300F9C256 /* UIView+Extension.swift */ = {isa = PBXFileReference; lastKnownFileType = sourcecode.swift; path = "UIView+Extension.swift"; sourceTree = "<group>"; };
		DC01D97F28B9B92F00F9C256 /* ChartScenePresenter.swift */ = {isa = PBXFileReference; fileEncoding = 4; lastKnownFileType = sourcecode.swift; path = ChartScenePresenter.swift; sourceTree = "<group>"; };
		DC01D98028B9B92F00F9C256 /* ChartSceneModels.swift */ = {isa = PBXFileReference; fileEncoding = 4; lastKnownFileType = sourcecode.swift; path = ChartSceneModels.swift; sourceTree = "<group>"; };
		DC01D98128B9B92F00F9C256 /* ChartSceneInteractor.swift */ = {isa = PBXFileReference; fileEncoding = 4; lastKnownFileType = sourcecode.swift; path = ChartSceneInteractor.swift; sourceTree = "<group>"; };
		DC01D98228B9B92F00F9C256 /* ChartSceneRouter.swift */ = {isa = PBXFileReference; fileEncoding = 4; lastKnownFileType = sourcecode.swift; path = ChartSceneRouter.swift; sourceTree = "<group>"; };
		DC01D98328B9B92F00F9C256 /* ChartSceneConfigurator.swift */ = {isa = PBXFileReference; fileEncoding = 4; lastKnownFileType = sourcecode.swift; path = ChartSceneConfigurator.swift; sourceTree = "<group>"; };
		DC01D98A28B9B93C00F9C256 /* ChartViewController.swift */ = {isa = PBXFileReference; fileEncoding = 4; lastKnownFileType = sourcecode.swift; path = ChartViewController.swift; sourceTree = "<group>"; };
		DC01D98B28B9B93C00F9C256 /* ChartViewController.xib */ = {isa = PBXFileReference; fileEncoding = 4; lastKnownFileType = file.xib; path = ChartViewController.xib; sourceTree = "<group>"; };
		DC01D98E28B9B94300F9C256 /* ChartSceneWorkers.swift */ = {isa = PBXFileReference; fileEncoding = 4; lastKnownFileType = sourcecode.swift; path = ChartSceneWorkers.swift; sourceTree = "<group>"; };
		DCB806A828B99D85002488F3 /* AbjjadTask.app */ = {isa = PBXFileReference; explicitFileType = wrapper.application; includeInIndex = 0; path = AbjjadTask.app; sourceTree = BUILT_PRODUCTS_DIR; };
		DCB806AB28B99D85002488F3 /* AppDelegate.swift */ = {isa = PBXFileReference; lastKnownFileType = sourcecode.swift; path = AppDelegate.swift; sourceTree = "<group>"; };
		DCB806AD28B99D85002488F3 /* SceneDelegate.swift */ = {isa = PBXFileReference; lastKnownFileType = sourcecode.swift; path = SceneDelegate.swift; sourceTree = "<group>"; };
		DCB806B428B99D89002488F3 /* Assets.xcassets */ = {isa = PBXFileReference; lastKnownFileType = folder.assetcatalog; path = Assets.xcassets; sourceTree = "<group>"; };
		DCB806B728B99D89002488F3 /* Base */ = {isa = PBXFileReference; lastKnownFileType = file.storyboard; name = Base; path = Base.lproj/LaunchScreen.storyboard; sourceTree = "<group>"; };
		DCB806B928B99D89002488F3 /* Info.plist */ = {isa = PBXFileReference; lastKnownFileType = text.plist.xml; path = Info.plist; sourceTree = "<group>"; };
		DCB806C328B99FA0002488F3 /* CurrencySceneInteractor.swift */ = {isa = PBXFileReference; fileEncoding = 4; lastKnownFileType = sourcecode.swift; path = CurrencySceneInteractor.swift; sourceTree = "<group>"; };
		DCB806C428B99FA0002488F3 /* CurrencyScenePresenter.swift */ = {isa = PBXFileReference; fileEncoding = 4; lastKnownFileType = sourcecode.swift; path = CurrencyScenePresenter.swift; sourceTree = "<group>"; };
		DCB806C528B99FA0002488F3 /* CurrencySceneRouter.swift */ = {isa = PBXFileReference; fileEncoding = 4; lastKnownFileType = sourcecode.swift; path = CurrencySceneRouter.swift; sourceTree = "<group>"; };
		DCB806C628B99FA0002488F3 /* CurrencySceneModels.swift */ = {isa = PBXFileReference; fileEncoding = 4; lastKnownFileType = sourcecode.swift; path = CurrencySceneModels.swift; sourceTree = "<group>"; };
		DCB806C728B99FA0002488F3 /* CurrencySceneConfigurator.swift */ = {isa = PBXFileReference; fileEncoding = 4; lastKnownFileType = sourcecode.swift; path = CurrencySceneConfigurator.swift; sourceTree = "<group>"; };
		DCB806CE28B99FAA002488F3 /* CurrencyViewController.swift */ = {isa = PBXFileReference; fileEncoding = 4; lastKnownFileType = sourcecode.swift; path = CurrencyViewController.swift; sourceTree = "<group>"; };
		DCB806CF28B99FAA002488F3 /* CurrencyViewController.xib */ = {isa = PBXFileReference; fileEncoding = 4; lastKnownFileType = file.xib; path = CurrencyViewController.xib; sourceTree = "<group>"; };
		DCB806D228B99FB1002488F3 /* CurrencySceneWorkers.swift */ = {isa = PBXFileReference; fileEncoding = 4; lastKnownFileType = sourcecode.swift; path = CurrencySceneWorkers.swift; sourceTree = "<group>"; };
/* End PBXFileReference section */

/* Begin PBXFrameworksBuildPhase section */
		DCB806A528B99D85002488F3 /* Frameworks */ = {
			isa = PBXFrameworksBuildPhase;
			buildActionMask = 2147483647;
			files = (
			);
			runOnlyForDeploymentPostprocessing = 0;
		};
/* End PBXFrameworksBuildPhase section */

/* Begin PBXGroup section */
		DC01D96F28B9A5F600F9C256 /* CurrencyTableViewCell */ = {
			isa = PBXGroup;
			children = (
				DC01D97328B9AB2B00F9C256 /* CurrencyTableViewCell.swift */,
				DC01D97428B9AB2B00F9C256 /* CurrencyTableViewCell.xib */,
			);
			path = CurrencyTableViewCell;
			sourceTree = "<group>";
		};
		DC01D97028B9A7A300F9C256 /* Models */ = {
			isa = PBXGroup;
			children = (
				DC01D97128B9A7BD00F9C256 /* CurrencyModel.swift */,
			);
			path = Models;
			sourceTree = "<group>";
		};
		DC01D97728B9ABEF00F9C256 /* Extensions */ = {
			isa = PBXGroup;
			children = (
				DC01D97828B9AC0E00F9C256 /* UITableView+Extension.swift */,
				DC01D97A28B9AEF300F9C256 /* UIView+Extension.swift */,
			);
			path = Extensions;
			sourceTree = "<group>";
		};
		DC01D97C28B9B8F800F9C256 /* ChartScene */ = {
			isa = PBXGroup;
			children = (
				DC01D98928B9B93300F9C256 /* Views */,
				DC01D98328B9B92F00F9C256 /* ChartSceneConfigurator.swift */,
				DC01D98128B9B92F00F9C256 /* ChartSceneInteractor.swift */,
				DC01D98028B9B92F00F9C256 /* ChartSceneModels.swift */,
				DC01D97F28B9B92F00F9C256 /* ChartScenePresenter.swift */,
				DC01D98228B9B92F00F9C256 /* ChartSceneRouter.swift */,
				DC01D98E28B9B94300F9C256 /* ChartSceneWorkers.swift */,
			);
			path = ChartScene;
			sourceTree = "<group>";
		};
		DC01D98928B9B93300F9C256 /* Views */ = {
			isa = PBXGroup;
			children = (
				DC01D98A28B9B93C00F9C256 /* ChartViewController.swift */,
				DC01D98B28B9B93C00F9C256 /* ChartViewController.xib */,
			);
			path = Views;
			sourceTree = "<group>";
		};
		DCB8069F28B99D85002488F3 = {
			isa = PBXGroup;
			children = (
				DCB806AA28B99D85002488F3 /* AbjjadTask */,
				DCB806A928B99D85002488F3 /* Products */,
			);
			sourceTree = "<group>";
		};
		DCB806A928B99D85002488F3 /* Products */ = {
			isa = PBXGroup;
			children = (
				DCB806A828B99D85002488F3 /* AbjjadTask.app */,
			);
			name = Products;
			sourceTree = "<group>";
		};
		DCB806AA28B99D85002488F3 /* AbjjadTask */ = {
			isa = PBXGroup;
			children = (
				DCB806AB28B99D85002488F3 /* AppDelegate.swift */,
				DCB806AD28B99D85002488F3 /* SceneDelegate.swift */,
				DCB806B628B99D89002488F3 /* LaunchScreen.storyboard */,
				DCB806B928B99D89002488F3 /* Info.plist */,
				DC01D97028B9A7A300F9C256 /* Models */,
				DC01D97728B9ABEF00F9C256 /* Extensions */,
				DCB806BF28B99DFA002488F3 /* Modules */,
				DCB806D428B9A53F002488F3 /* Resources */,
			);
			path = AbjjadTask;
			sourceTree = "<group>";
		};
		DCB806BF28B99DFA002488F3 /* Modules */ = {
			isa = PBXGroup;
			children = (
				DC01D97C28B9B8F800F9C256 /* ChartScene */,
				DCB806C028B99F5B002488F3 /* CurrencyScene */,
			);
			path = Modules;
			sourceTree = "<group>";
		};
		DCB806C028B99F5B002488F3 /* CurrencyScene */ = {
			isa = PBXGroup;
			children = (
				DCB806CD28B99FA2002488F3 /* Views */,
				DCB806C728B99FA0002488F3 /* CurrencySceneConfigurator.swift */,
				DCB806C328B99FA0002488F3 /* CurrencySceneInteractor.swift */,
				DCB806C628B99FA0002488F3 /* CurrencySceneModels.swift */,
				DCB806C428B99FA0002488F3 /* CurrencyScenePresenter.swift */,
				DCB806C528B99FA0002488F3 /* CurrencySceneRouter.swift */,
				DCB806D228B99FB1002488F3 /* CurrencySceneWorkers.swift */,
			);
			path = CurrencyScene;
			sourceTree = "<group>";
		};
		DCB806CD28B99FA2002488F3 /* Views */ = {
			isa = PBXGroup;
			children = (
				DC01D96F28B9A5F600F9C256 /* CurrencyTableViewCell */,
				DCB806CE28B99FAA002488F3 /* CurrencyViewController.swift */,
				DCB806CF28B99FAA002488F3 /* CurrencyViewController.xib */,
			);
			path = Views;
			sourceTree = "<group>";
		};
		DCB806D428B9A53F002488F3 /* Resources */ = {
			isa = PBXGroup;
			children = (
				DCB806B428B99D89002488F3 /* Assets.xcassets */,
			);
			path = Resources;
			sourceTree = "<group>";
		};
/* End PBXGroup section */

/* Begin PBXNativeTarget section */
		DCB806A728B99D85002488F3 /* AbjjadTask */ = {
			isa = PBXNativeTarget;
			buildConfigurationList = DCB806BC28B99D89002488F3 /* Build configuration list for PBXNativeTarget "AbjjadTask" */;
			buildPhases = (
				DCB806A428B99D85002488F3 /* Sources */,
				DCB806A528B99D85002488F3 /* Frameworks */,
				DCB806A628B99D85002488F3 /* Resources */,
			);
			buildRules = (
			);
			dependencies = (
			);
			name = AbjjadTask;
			productName = AbjjadTask;
			productReference = DCB806A828B99D85002488F3 /* AbjjadTask.app */;
			productType = "com.apple.product-type.application";
		};
/* End PBXNativeTarget section */

/* Begin PBXProject section */
		DCB806A028B99D85002488F3 /* Project object */ = {
			isa = PBXProject;
			attributes = {
				BuildIndependentTargetsInParallel = 1;
				LastSwiftUpdateCheck = 1340;
				LastUpgradeCheck = 1340;
				TargetAttributes = {
					DCB806A728B99D85002488F3 = {
						CreatedOnToolsVersion = 13.4.1;
					};
				};
			};
			buildConfigurationList = DCB806A328B99D85002488F3 /* Build configuration list for PBXProject "AbjjadTask" */;
			compatibilityVersion = "Xcode 13.0";
			developmentRegion = en;
			hasScannedForEncodings = 0;
			knownRegions = (
				en,
				Base,
			);
			mainGroup = DCB8069F28B99D85002488F3;
			productRefGroup = DCB806A928B99D85002488F3 /* Products */;
			projectDirPath = "";
			projectRoot = "";
			targets = (
				DCB806A728B99D85002488F3 /* AbjjadTask */,
			);
		};
/* End PBXProject section */

/* Begin PBXResourcesBuildPhase section */
		DCB806A628B99D85002488F3 /* Resources */ = {
			isa = PBXResourcesBuildPhase;
			buildActionMask = 2147483647;
			files = (
				DC01D98D28B9B93C00F9C256 /* ChartViewController.xib in Resources */,
				DC01D97628B9AB2B00F9C256 /* CurrencyTableViewCell.xib in Resources */,
				DCB806D128B99FAA002488F3 /* CurrencyViewController.xib in Resources */,
				DCB806B828B99D89002488F3 /* LaunchScreen.storyboard in Resources */,
				DCB806B528B99D89002488F3 /* Assets.xcassets in Resources */,
			);
			runOnlyForDeploymentPostprocessing = 0;
		};
/* End PBXResourcesBuildPhase section */

/* Begin PBXSourcesBuildPhase section */
		DCB806A428B99D85002488F3 /* Sources */ = {
			isa = PBXSourcesBuildPhase;
			buildActionMask = 2147483647;
			files = (
				DC01D98628B9B92F00F9C256 /* ChartSceneInteractor.swift in Sources */,
				DC01D97228B9A7BD00F9C256 /* CurrencyModel.swift in Sources */,
				DC01D97B28B9AEF300F9C256 /* UIView+Extension.swift in Sources */,
				DC01D98728B9B92F00F9C256 /* ChartSceneRouter.swift in Sources */,
				DCB806C928B99FA0002488F3 /* CurrencyScenePresenter.swift in Sources */,
				DC01D98C28B9B93C00F9C256 /* ChartViewController.swift in Sources */,
				DCB806D028B99FAA002488F3 /* CurrencyViewController.swift in Sources */,
				DC01D98528B9B92F00F9C256 /* ChartSceneModels.swift in Sources */,
				DCB806CB28B99FA0002488F3 /* CurrencySceneModels.swift in Sources */,
				DCB806AC28B99D85002488F3 /* AppDelegate.swift in Sources */,
				DC01D97528B9AB2B00F9C256 /* CurrencyTableViewCell.swift in Sources */,
				DCB806CA28B99FA0002488F3 /* CurrencySceneRouter.swift in Sources */,
				DC01D98428B9B92F00F9C256 /* ChartScenePresenter.swift in Sources */,
				DCB806CC28B99FA0002488F3 /* CurrencySceneConfigurator.swift in Sources */,
				DCB806D328B99FB1002488F3 /* CurrencySceneWorkers.swift in Sources */,
				DC01D98828B9B92F00F9C256 /* ChartSceneConfigurator.swift in Sources */,
				DCB806C828B99FA0002488F3 /* CurrencySceneInteractor.swift in Sources */,
				DCB806AE28B99D85002488F3 /* SceneDelegate.swift in Sources */,
				DC01D97928B9AC0E00F9C256 /* UITableView+Extension.swift in Sources */,
				DC01D98F28B9B94300F9C256 /* ChartSceneWorkers.swift in Sources */,
			);
			runOnlyForDeploymentPostprocessing = 0;
		};
/* End PBXSourcesBuildPhase section */

/* Begin PBXVariantGroup section */
		DCB806B628B99D89002488F3 /* LaunchScreen.storyboard */ = {
			isa = PBXVariantGroup;
			children = (
				DCB806B728B99D89002488F3 /* Base */,
			);
			name = LaunchScreen.storyboard;
			sourceTree = "<group>";
		};
/* End PBXVariantGroup section */

/* Begin XCBuildConfiguration section */
		DCB806BA28B99D89002488F3 /* Debug */ = {
			isa = XCBuildConfiguration;
			buildSettings = {
				ALWAYS_SEARCH_USER_PATHS = NO;
				CLANG_ANALYZER_NONNULL = YES;
				CLANG_ANALYZER_NUMBER_OBJECT_CONVERSION = YES_AGGRESSIVE;
				CLANG_CXX_LANGUAGE_STANDARD = "gnu++17";
				CLANG_ENABLE_MODULES = YES;
				CLANG_ENABLE_OBJC_ARC = YES;
				CLANG_ENABLE_OBJC_WEAK = YES;
				CLANG_WARN_BLOCK_CAPTURE_AUTORELEASING = YES;
				CLANG_WARN_BOOL_CONVERSION = YES;
				CLANG_WARN_COMMA = YES;
				CLANG_WARN_CONSTANT_CONVERSION = YES;
				CLANG_WARN_DEPRECATED_OBJC_IMPLEMENTATIONS = YES;
				CLANG_WARN_DIRECT_OBJC_ISA_USAGE = YES_ERROR;
				CLANG_WARN_DOCUMENTATION_COMMENTS = YES;
				CLANG_WARN_EMPTY_BODY = YES;
				CLANG_WARN_ENUM_CONVERSION = YES;
				CLANG_WARN_INFINITE_RECURSION = YES;
				CLANG_WARN_INT_CONVERSION = YES;
				CLANG_WARN_NON_LITERAL_NULL_CONVERSION = YES;
				CLANG_WARN_OBJC_IMPLICIT_RETAIN_SELF = YES;
				CLANG_WARN_OBJC_LITERAL_CONVERSION = YES;
				CLANG_WARN_OBJC_ROOT_CLASS = YES_ERROR;
				CLANG_WARN_QUOTED_INCLUDE_IN_FRAMEWORK_HEADER = YES;
				CLANG_WARN_RANGE_LOOP_ANALYSIS = YES;
				CLANG_WARN_STRICT_PROTOTYPES = YES;
				CLANG_WARN_SUSPICIOUS_MOVE = YES;
				CLANG_WARN_UNGUARDED_AVAILABILITY = YES_AGGRESSIVE;
				CLANG_WARN_UNREACHABLE_CODE = YES;
				CLANG_WARN__DUPLICATE_METHOD_MATCH = YES;
				COPY_PHASE_STRIP = NO;
				DEBUG_INFORMATION_FORMAT = dwarf;
				ENABLE_STRICT_OBJC_MSGSEND = YES;
				ENABLE_TESTABILITY = YES;
				GCC_C_LANGUAGE_STANDARD = gnu11;
				GCC_DYNAMIC_NO_PIC = NO;
				GCC_NO_COMMON_BLOCKS = YES;
				GCC_OPTIMIZATION_LEVEL = 0;
				GCC_PREPROCESSOR_DEFINITIONS = (
					"DEBUG=1",
					"$(inherited)",
				);
				GCC_WARN_64_TO_32_BIT_CONVERSION = YES;
				GCC_WARN_ABOUT_RETURN_TYPE = YES_ERROR;
				GCC_WARN_UNDECLARED_SELECTOR = YES;
				GCC_WARN_UNINITIALIZED_AUTOS = YES_AGGRESSIVE;
				GCC_WARN_UNUSED_FUNCTION = YES;
				GCC_WARN_UNUSED_VARIABLE = YES;
				IPHONEOS_DEPLOYMENT_TARGET = 15.5;
				MTL_ENABLE_DEBUG_INFO = INCLUDE_SOURCE;
				MTL_FAST_MATH = YES;
				ONLY_ACTIVE_ARCH = YES;
				SDKROOT = iphoneos;
				SWIFT_ACTIVE_COMPILATION_CONDITIONS = DEBUG;
				SWIFT_OPTIMIZATION_LEVEL = "-Onone";
			};
			name = Debug;
		};
		DCB806BB28B99D89002488F3 /* Release */ = {
			isa = XCBuildConfiguration;
			buildSettings = {
				ALWAYS_SEARCH_USER_PATHS = NO;
				CLANG_ANALYZER_NONNULL = YES;
				CLANG_ANALYZER_NUMBER_OBJECT_CONVERSION = YES_AGGRESSIVE;
				CLANG_CXX_LANGUAGE_STANDARD = "gnu++17";
				CLANG_ENABLE_MODULES = YES;
				CLANG_ENABLE_OBJC_ARC = YES;
				CLANG_ENABLE_OBJC_WEAK = YES;
				CLANG_WARN_BLOCK_CAPTURE_AUTORELEASING = YES;
				CLANG_WARN_BOOL_CONVERSION = YES;
				CLANG_WARN_COMMA = YES;
				CLANG_WARN_CONSTANT_CONVERSION = YES;
				CLANG_WARN_DEPRECATED_OBJC_IMPLEMENTATIONS = YES;
				CLANG_WARN_DIRECT_OBJC_ISA_USAGE = YES_ERROR;
				CLANG_WARN_DOCUMENTATION_COMMENTS = YES;
				CLANG_WARN_EMPTY_BODY = YES;
				CLANG_WARN_ENUM_CONVERSION = YES;
				CLANG_WARN_INFINITE_RECURSION = YES;
				CLANG_WARN_INT_CONVERSION = YES;
				CLANG_WARN_NON_LITERAL_NULL_CONVERSION = YES;
				CLANG_WARN_OBJC_IMPLICIT_RETAIN_SELF = YES;
				CLANG_WARN_OBJC_LITERAL_CONVERSION = YES;
				CLANG_WARN_OBJC_ROOT_CLASS = YES_ERROR;
				CLANG_WARN_QUOTED_INCLUDE_IN_FRAMEWORK_HEADER = YES;
				CLANG_WARN_RANGE_LOOP_ANALYSIS = YES;
				CLANG_WARN_STRICT_PROTOTYPES = YES;
				CLANG_WARN_SUSPICIOUS_MOVE = YES;
				CLANG_WARN_UNGUARDED_AVAILABILITY = YES_AGGRESSIVE;
				CLANG_WARN_UNREACHABLE_CODE = YES;
				CLANG_WARN__DUPLICATE_METHOD_MATCH = YES;
				COPY_PHASE_STRIP = NO;
				DEBUG_INFORMATION_FORMAT = "dwarf-with-dsym";
				ENABLE_NS_ASSERTIONS = NO;
				ENABLE_STRICT_OBJC_MSGSEND = YES;
				GCC_C_LANGUAGE_STANDARD = gnu11;
				GCC_NO_COMMON_BLOCKS = YES;
				GCC_WARN_64_TO_32_BIT_CONVERSION = YES;
				GCC_WARN_ABOUT_RETURN_TYPE = YES_ERROR;
				GCC_WARN_UNDECLARED_SELECTOR = YES;
				GCC_WARN_UNINITIALIZED_AUTOS = YES_AGGRESSIVE;
				GCC_WARN_UNUSED_FUNCTION = YES;
				GCC_WARN_UNUSED_VARIABLE = YES;
				IPHONEOS_DEPLOYMENT_TARGET = 15.5;
				MTL_ENABLE_DEBUG_INFO = NO;
				MTL_FAST_MATH = YES;
				SDKROOT = iphoneos;
				SWIFT_COMPILATION_MODE = wholemodule;
				SWIFT_OPTIMIZATION_LEVEL = "-O";
				VALIDATE_PRODUCT = YES;
			};
			name = Release;
		};
		DCB806BD28B99D89002488F3 /* Debug */ = {
			isa = XCBuildConfiguration;
			buildSettings = {
				ASSETCATALOG_COMPILER_APPICON_NAME = AppIcon;
				ASSETCATALOG_COMPILER_GLOBAL_ACCENT_COLOR_NAME = AccentColor;
				CODE_SIGN_STYLE = Automatic;
				CURRENT_PROJECT_VERSION = 1;
				GENERATE_INFOPLIST_FILE = YES;
				INFOPLIST_FILE = AbjjadTask/Info.plist;
				INFOPLIST_KEY_UIApplicationSupportsIndirectInputEvents = YES;
				INFOPLIST_KEY_UILaunchStoryboardName = LaunchScreen;
				INFOPLIST_KEY_UISupportedInterfaceOrientations = UIInterfaceOrientationPortrait;
				INFOPLIST_KEY_UISupportedInterfaceOrientations_iPad = "UIInterfaceOrientationPortrait UIInterfaceOrientationPortraitUpsideDown UIInterfaceOrientationLandscapeLeft UIInterfaceOrientationLandscapeRight";
				INFOPLIST_KEY_UISupportedInterfaceOrientations_iPhone = "UIInterfaceOrientationPortrait UIInterfaceOrientationLandscapeLeft UIInterfaceOrientationLandscapeRight";
				LD_RUNPATH_SEARCH_PATHS = (
					"$(inherited)",
					"@executable_path/Frameworks",
				);
				MARKETING_VERSION = 1.0;
				PRODUCT_BUNDLE_IDENTIFIER = com.hussam.AbjjadTask;
				PRODUCT_NAME = "$(TARGET_NAME)";
				SWIFT_EMIT_LOC_STRINGS = YES;
				SWIFT_VERSION = 5.0;
				TARGETED_DEVICE_FAMILY = 1;
			};
			name = Debug;
		};
		DCB806BE28B99D89002488F3 /* Release */ = {
			isa = XCBuildConfiguration;
			buildSettings = {
				ASSETCATALOG_COMPILER_APPICON_NAME = AppIcon;
				ASSETCATALOG_COMPILER_GLOBAL_ACCENT_COLOR_NAME = AccentColor;
				CODE_SIGN_STYLE = Automatic;
				CURRENT_PROJECT_VERSION = 1;
				GENERATE_INFOPLIST_FILE = YES;
				INFOPLIST_FILE = AbjjadTask/Info.plist;
				INFOPLIST_KEY_UIApplicationSupportsIndirectInputEvents = YES;
				INFOPLIST_KEY_UILaunchStoryboardName = LaunchScreen;
				INFOPLIST_KEY_UISupportedInterfaceOrientations = UIInterfaceOrientationPortrait;
				INFOPLIST_KEY_UISupportedInterfaceOrientations_iPad = "UIInterfaceOrientationPortrait UIInterfaceOrientationPortraitUpsideDown UIInterfaceOrientationLandscapeLeft UIInterfaceOrientationLandscapeRight";
				INFOPLIST_KEY_UISupportedInterfaceOrientations_iPhone = "UIInterfaceOrientationPortrait UIInterfaceOrientationLandscapeLeft UIInterfaceOrientationLandscapeRight";
				LD_RUNPATH_SEARCH_PATHS = (
					"$(inherited)",
					"@executable_path/Frameworks",
				);
				MARKETING_VERSION = 1.0;
				PRODUCT_BUNDLE_IDENTIFIER = com.hussam.AbjjadTask;
				PRODUCT_NAME = "$(TARGET_NAME)";
				SWIFT_EMIT_LOC_STRINGS = YES;
				SWIFT_VERSION = 5.0;
				TARGETED_DEVICE_FAMILY = 1;
			};
			name = Release;
		};
/* End XCBuildConfiguration section */

/* Begin XCConfigurationList section */
		DCB806A328B99D85002488F3 /* Build configuration list for PBXProject "AbjjadTask" */ = {
			isa = XCConfigurationList;
			buildConfigurations = (
				DCB806BA28B99D89002488F3 /* Debug */,
				DCB806BB28B99D89002488F3 /* Release */,
			);
			defaultConfigurationIsVisible = 0;
			defaultConfigurationName = Release;
		};
		DCB806BC28B99D89002488F3 /* Build configuration list for PBXNativeTarget "AbjjadTask" */ = {
			isa = XCConfigurationList;
			buildConfigurations = (
				DCB806BD28B99D89002488F3 /* Debug */,
				DCB806BE28B99D89002488F3 /* Release */,
			);
			defaultConfigurationIsVisible = 0;
			defaultConfigurationName = Release;
		};
/* End XCConfigurationList section */
	};
	rootObject = DCB806A028B99D85002488F3 /* Project object */;
}
